
Microsoft Visual Studio Solution File, Format Version 12.00
# Visual Studio Version 16
VisualStudioVersion = 16.0.31424.327
MinimumVisualStudioVersion = 10.0.40219.1
Project("{FAE04EC0-301F-11D3-BF4B-00C04F79EFBC}") = "SmartGreenhouse.UserApp.Blazor.Server", "SmartGreenhouse.UserApp.Blazor\Server\SmartGreenhouse.UserApp.Blazor.Server.csproj", "{B4188A09-B5F6-41EA-8AE7-05B8D62E9B52}"
EndProject
Project("{FAE04EC0-301F-11D3-BF4B-00C04F79EFBC}") = "SmartGreenhouse.UserApp.Blazor.Client", "SmartGreenhouse.UserApp.Blazor\Client\SmartGreenhouse.UserApp.Blazor.Client.csproj", "{C3925348-0955-4BB2-AC6F-08B8F08019CD}"
EndProject
Project("{FAE04EC0-301F-11D3-BF4B-00C04F79EFBC}") = "SmartGreenhouse.UserApp.Blazor.Shared", "SmartGreenhouse.UserApp.Blazor\Shared\SmartGreenhouse.UserApp.Blazor.Shared.csproj", "{8DAB714A-C51A-4745-8BB3-C6F1205CAB55}"
EndProject
Global
	GlobalSection(SolutionConfigurationPlatforms) = preSolution
		Debug|Any CPU = Debug|Any CPU
		Release|Any CPU = Release|Any CPU
	EndGlobalSection
	GlobalSection(ProjectConfigurationPlatforms) = postSolution
		{B4188A09-B5F6-41EA-8AE7-05B8D62E9B52}.Debug|Any CPU.ActiveCfg = Debug|Any CPU
		{B4188A09-B5F6-41EA-8AE7-05B8D62E9B52}.Debug|Any CPU.Build.0 = Debug|Any CPU
		{B4188A09-B5F6-41EA-8AE7-05B8D62E9B52}.Release|Any CPU.ActiveCfg = Release|Any CPU
		{B4188A09-B5F6-41EA-8AE7-05B8D62E9B52}.Release|Any CPU.Build.0 = Release|Any CPU
		{C3925348-0955-4BB2-AC6F-08B8F08019CD}.Debug|Any CPU.ActiveCfg = Debug|Any CPU
		{C3925348-0955-4BB2-AC6F-08B8F08019CD}.Debug|Any CPU.Build.0 = Debug|Any CPU
		{C3925348-0955-4BB2-AC6F-08B8F08019CD}.Release|Any CPU.ActiveCfg = Release|Any CPU
		{C3925348-0955-4BB2-AC6F-08B8F08019CD}.Release|Any CPU.Build.0 = Release|Any CPU
		{8DAB714A-C51A-4745-8BB3-C6F1205CAB55}.Debug|Any CPU.ActiveCfg = Debug|Any CPU
		{8DAB714A-C51A-4745-8BB3-C6F1205CAB55}.Debug|Any CPU.Build.0 = Debug|Any CPU
		{8DAB714A-C51A-4745-8BB3-C6F1205CAB55}.Release|Any CPU.ActiveCfg = Release|Any CPU
		{8DAB714A-C51A-4745-8BB3-C6F1205CAB55}.Release|Any CPU.Build.0 = Release|Any CPU
	EndGlobalSection
	GlobalSection(SolutionProperties) = preSolution
		HideSolutionNode = FALSE
	EndGlobalSection
	GlobalSection(ExtensibilityGlobals) = postSolution
		SolutionGuid = {DD8444E6-71BA-4B2B-8162-C4DC3809AA27}
	EndGlobalSection
EndGlobal
